
Microsoft Visual Studio Solution File, Format Version 12.00
# Visual Studio Version 17
VisualStudioVersion = 17.3.32901.215
MinimumVisualStudioVersion = 10.0.40219.1
Project("{FAE04EC0-301F-11D3-BF4B-00C04F79EFBC}") = "FlowerShopAPI", "FlowerShopAPI.csproj", "{A8F5DD92-B18A-46C4-B521-12E9927B4611}"
EndProject
Global
	GlobalSection(SolutionConfigurationPlatforms) = preSolution
		Debug|Any CPU = Debug|Any CPU
		Release|Any CPU = Release|Any CPU
	EndGlobalSection
	GlobalSection(ProjectConfigurationPlatforms) = postSolution
		{A8F5DD92-B18A-46C4-B521-12E9927B4611}.Debug|Any CPU.ActiveCfg = Debug|Any CPU
		{A8F5DD92-B18A-46C4-B521-12E9927B4611}.Debug|Any CPU.Build.0 = Debug|Any CPU
		{A8F5DD92-B18A-46C4-B521-12E9927B4611}.Release|Any CPU.ActiveCfg = Release|Any CPU
		{A8F5DD92-B18A-46C4-B521-12E9927B4611}.Release|Any CPU.Build.0 = Release|Any CPU
	EndGlobalSection
	GlobalSection(SolutionProperties) = preSolution
		HideSolutionNode = FALSE
	EndGlobalSection
	GlobalSection(ExtensibilityGlobals) = postSolution
		SolutionGuid = {8FF103CD-B15E-4142-8F9A-A077146F23AA}
	EndGlobalSection
EndGlobal
